
Microsoft Visual Studio Solution File, Format Version 12.00
# Visual Studio 15
VisualStudioVersion = 15.0.28010.2003
MinimumVisualStudioVersion = 10.0.40219.1
Project("{FAE04EC0-301F-11D3-BF4B-00C04F79EFBC}") = "seleniumElectron", "seleniumElectron\seleniumElectron.csproj", "{F33F7042-1C7A-473F-A645-F8D2F61E6931}"
EndProject
Global
	GlobalSection(SolutionConfigurationPlatforms) = preSolution
		Debug|Any CPU = Debug|Any CPU
		Release|Any CPU = Release|Any CPU
	EndGlobalSection
	GlobalSection(ProjectConfigurationPlatforms) = postSolution
		{F33F7042-1C7A-473F-A645-F8D2F61E6931}.Debug|Any CPU.ActiveCfg = Debug|Any CPU
		{F33F7042-1C7A-473F-A645-F8D2F61E6931}.Debug|Any CPU.Build.0 = Debug|Any CPU
		{F33F7042-1C7A-473F-A645-F8D2F61E6931}.Release|Any CPU.ActiveCfg = Release|Any CPU
		{F33F7042-1C7A-473F-A645-F8D2F61E6931}.Release|Any CPU.Build.0 = Release|Any CPU
	EndGlobalSection
	GlobalSection(SolutionProperties) = preSolution
		HideSolutionNode = FALSE
	EndGlobalSection
	GlobalSection(ExtensibilityGlobals) = postSolution
		SolutionGuid = {30E41D0A-EDB2-40E8-B0E3-67F67E315925}
	EndGlobalSection
EndGlobal
